
Microsoft Visual Studio Solution File, Format Version 12.00
# Visual Studio 14
VisualStudioVersion = 14.0.24720.0
MinimumVisualStudioVersion = 10.0.40219.1
Project("{FAE04EC0-301F-11D3-BF4B-00C04F79EFBC}") = "GarageModel", "GarageModel\GarageModel.csproj", "{2F7127BF-FE78-4CC7-983C-A36B2E297A6A}"
EndProject
Project("{FAE04EC0-301F-11D3-BF4B-00C04F79EFBC}") = "Test", "Test\Test.csproj", "{1125BB7B-CE11-44D1-A80C-6E7DC8D018E1}"
EndProject
Global
	GlobalSection(SolutionConfigurationPlatforms) = preSolution
		Debug|Any CPU = Debug|Any CPU
		Release|Any CPU = Release|Any CPU
	EndGlobalSection
	GlobalSection(ProjectConfigurationPlatforms) = postSolution
		{2F7127BF-FE78-4CC7-983C-A36B2E297A6A}.Debug|Any CPU.ActiveCfg = Debug|Any CPU
		{2F7127BF-FE78-4CC7-983C-A36B2E297A6A}.Debug|Any CPU.Build.0 = Debug|Any CPU
		{2F7127BF-FE78-4CC7-983C-A36B2E297A6A}.Release|Any CPU.ActiveCfg = Release|Any CPU
		{2F7127BF-FE78-4CC7-983C-A36B2E297A6A}.Release|Any CPU.Build.0 = Release|Any CPU
		{1125BB7B-CE11-44D1-A80C-6E7DC8D018E1}.Debug|Any CPU.ActiveCfg = Debug|Any CPU
		{1125BB7B-CE11-44D1-A80C-6E7DC8D018E1}.Debug|Any CPU.Build.0 = Debug|Any CPU
		{1125BB7B-CE11-44D1-A80C-6E7DC8D018E1}.Release|Any CPU.ActiveCfg = Release|Any CPU
		{1125BB7B-CE11-44D1-A80C-6E7DC8D018E1}.Release|Any CPU.Build.0 = Release|Any CPU
	EndGlobalSection
	GlobalSection(SolutionProperties) = preSolution
		HideSolutionNode = FALSE
	EndGlobalSection
EndGlobal
